
Microsoft Visual Studio Solution File, Format Version 12.00
# Visual Studio 15
VisualStudioVersion = 15.0.26124.0
MinimumVisualStudioVersion = 15.0.26124.0
Project("{2150E333-8FDC-42A3-9474-1A3956D46DE8}") = "ToDoApp", "ToDoApp", "{CAA5E338-D59C-4D8F-A7EA-C0547073F1F3}"
EndProject
Project("{FAE04EC0-301F-11D3-BF4B-00C04F79EFBC}") = "UpdateExamples", "src\UpdateExamples\UpdateExamples.csproj", "{C826FCEE-BE25-4D1F-9A9B-4C9D55DD82C9}"
EndProject
Project("{2150E333-8FDC-42A3-9474-1A3956D46DE8}") = "UpdateExamples", "UpdateExamples", "{F6B0A367-9AD0-4C25-BFD9-85CFD7296007}"
EndProject
Project("{FAE04EC0-301F-11D3-BF4B-00C04F79EFBC}") = "Abstractions", "src\TodoApp\Abstractions\Abstractions.csproj", "{E90DAF0D-EF76-4E26-BD99-A3DAF1EDC426}"
EndProject
Project("{FAE04EC0-301F-11D3-BF4B-00C04F79EFBC}") = "Helpers", "src\TodoApp\Helpers\Helpers.csproj", "{834F7F07-B665-4A9F-8AE7-A939706C7F2C}"
EndProject
Project("{FAE04EC0-301F-11D3-BF4B-00C04F79EFBC}") = "Host", "src\TodoApp\Host\Host.csproj", "{975B8533-1694-43D3-8229-27D0F268CAF7}"
EndProject
Project("{FAE04EC0-301F-11D3-BF4B-00C04F79EFBC}") = "Services", "src\TodoApp\Services\Services.csproj", "{65CE01E2-381E-4406-9173-FEA5E8DABCFF}"
EndProject
Project("{FAE04EC0-301F-11D3-BF4B-00C04F79EFBC}") = "UI", "src\TodoApp\UI\UI.csproj", "{D350D7EB-4641-42D0-BD31-5ED3B842413D}"
EndProject
Global
	GlobalSection(SolutionConfigurationPlatforms) = preSolution
		Debug|Any CPU = Debug|Any CPU
		Debug|x64 = Debug|x64
		Debug|x86 = Debug|x86
		Release|Any CPU = Release|Any CPU
		Release|x64 = Release|x64
		Release|x86 = Release|x86
	EndGlobalSection
	GlobalSection(SolutionProperties) = preSolution
		HideSolutionNode = FALSE
	EndGlobalSection
	GlobalSection(ProjectConfigurationPlatforms) = postSolution
		{C826FCEE-BE25-4D1F-9A9B-4C9D55DD82C9}.Debug|Any CPU.ActiveCfg = Debug|Any CPU
		{C826FCEE-BE25-4D1F-9A9B-4C9D55DD82C9}.Debug|Any CPU.Build.0 = Debug|Any CPU
		{C826FCEE-BE25-4D1F-9A9B-4C9D55DD82C9}.Debug|x64.ActiveCfg = Debug|Any CPU
		{C826FCEE-BE25-4D1F-9A9B-4C9D55DD82C9}.Debug|x64.Build.0 = Debug|Any CPU
		{C826FCEE-BE25-4D1F-9A9B-4C9D55DD82C9}.Debug|x86.ActiveCfg = Debug|Any CPU
		{C826FCEE-BE25-4D1F-9A9B-4C9D55DD82C9}.Debug|x86.Build.0 = Debug|Any CPU
		{C826FCEE-BE25-4D1F-9A9B-4C9D55DD82C9}.Release|Any CPU.ActiveCfg = Release|Any CPU
		{C826FCEE-BE25-4D1F-9A9B-4C9D55DD82C9}.Release|Any CPU.Build.0 = Release|Any CPU
		{C826FCEE-BE25-4D1F-9A9B-4C9D55DD82C9}.Release|x64.ActiveCfg = Release|Any CPU
		{C826FCEE-BE25-4D1F-9A9B-4C9D55DD82C9}.Release|x64.Build.0 = Release|Any CPU
		{C826FCEE-BE25-4D1F-9A9B-4C9D55DD82C9}.Release|x86.ActiveCfg = Release|Any CPU
		{C826FCEE-BE25-4D1F-9A9B-4C9D55DD82C9}.Release|x86.Build.0 = Release|Any CPU
		{E90DAF0D-EF76-4E26-BD99-A3DAF1EDC426}.Debug|Any CPU.ActiveCfg = Debug|Any CPU
		{E90DAF0D-EF76-4E26-BD99-A3DAF1EDC426}.Debug|Any CPU.Build.0 = Debug|Any CPU
		{E90DAF0D-EF76-4E26-BD99-A3DAF1EDC426}.Debug|x64.ActiveCfg = Debug|Any CPU
		{E90DAF0D-EF76-4E26-BD99-A3DAF1EDC426}.Debug|x64.Build.0 = Debug|Any CPU
		{E90DAF0D-EF76-4E26-BD99-A3DAF1EDC426}.Debug|x86.ActiveCfg = Debug|Any CPU
		{E90DAF0D-EF76-4E26-BD99-A3DAF1EDC426}.Debug|x86.Build.0 = Debug|Any CPU
		{E90DAF0D-EF76-4E26-BD99-A3DAF1EDC426}.Release|Any CPU.ActiveCfg = Release|Any CPU
		{E90DAF0D-EF76-4E26-BD99-A3DAF1EDC426}.Release|Any CPU.Build.0 = Release|Any CPU
		{E90DAF0D-EF76-4E26-BD99-A3DAF1EDC426}.Release|x64.ActiveCfg = Release|Any CPU
		{E90DAF0D-EF76-4E26-BD99-A3DAF1EDC426}.Release|x64.Build.0 = Release|Any CPU
		{E90DAF0D-EF76-4E26-BD99-A3DAF1EDC426}.Release|x86.ActiveCfg = Release|Any CPU
		{E90DAF0D-EF76-4E26-BD99-A3DAF1EDC426}.Release|x86.Build.0 = Release|Any CPU
		{834F7F07-B665-4A9F-8AE7-A939706C7F2C}.Debug|Any CPU.ActiveCfg = Debug|Any CPU
		{834F7F07-B665-4A9F-8AE7-A939706C7F2C}.Debug|Any CPU.Build.0 = Debug|Any CPU
		{834F7F07-B665-4A9F-8AE7-A939706C7F2C}.Debug|x64.ActiveCfg = Debug|Any CPU
		{834F7F07-B665-4A9F-8AE7-A939706C7F2C}.Debug|x64.Build.0 = Debug|Any CPU
		{834F7F07-B665-4A9F-8AE7-A939706C7F2C}.Debug|x86.ActiveCfg = Debug|Any CPU
		{834F7F07-B665-4A9F-8AE7-A939706C7F2C}.Debug|x86.Build.0 = Debug|Any CPU
		{834F7F07-B665-4A9F-8AE7-A939706C7F2C}.Release|Any CPU.ActiveCfg = Release|Any CPU
		{834F7F07-B665-4A9F-8AE7-A939706C7F2C}.Release|Any CPU.Build.0 = Release|Any CPU
		{834F7F07-B665-4A9F-8AE7-A939706C7F2C}.Release|x64.ActiveCfg = Release|Any CPU
		{834F7F07-B665-4A9F-8AE7-A939706C7F2C}.Release|x64.Build.0 = Release|Any CPU
		{834F7F07-B665-4A9F-8AE7-A939706C7F2C}.Release|x86.ActiveCfg = Release|Any CPU
		{834F7F07-B665-4A9F-8AE7-A939706C7F2C}.Release|x86.Build.0 = Release|Any CPU
		{975B8533-1694-43D3-8229-27D0F268CAF7}.Debug|Any CPU.ActiveCfg = Debug|Any CPU
		{975B8533-1694-43D3-8229-27D0F268CAF7}.Debug|Any CPU.Build.0 = Debug|Any CPU
		{975B8533-1694-43D3-8229-27D0F268CAF7}.Debug|x64.ActiveCfg = Debug|Any CPU
		{975B8533-1694-43D3-8229-27D0F268CAF7}.Debug|x64.Build.0 = Debug|Any CPU
		{975B8533-1694-43D3-8229-27D0F268CAF7}.Debug|x86.ActiveCfg = Debug|Any CPU
		{975B8533-1694-43D3-8229-27D0F268CAF7}.Debug|x86.Build.0 = Debug|Any CPU
		{975B8533-1694-43D3-8229-27D0F268CAF7}.Release|Any CPU.ActiveCfg = Release|Any CPU
		{975B8533-1694-43D3-8229-27D0F268CAF7}.Release|Any CPU.Build.0 = Release|Any CPU
		{975B8533-1694-43D3-8229-27D0F268CAF7}.Release|x64.ActiveCfg = Release|Any CPU
		{975B8533-1694-43D3-8229-27D0F268CAF7}.Release|x64.Build.0 = Release|Any CPU
		{975B8533-1694-43D3-8229-27D0F268CAF7}.Release|x86.ActiveCfg = Release|Any CPU
		{975B8533-1694-43D3-8229-27D0F268CAF7}.Release|x86.Build.0 = Release|Any CPU
		{65CE01E2-381E-4406-9173-FEA5E8DABCFF}.Debug|Any CPU.ActiveCfg = Debug|Any CPU
		{65CE01E2-381E-4406-9173-FEA5E8DABCFF}.Debug|Any CPU.Build.0 = Debug|Any CPU
		{65CE01E2-381E-4406-9173-FEA5E8DABCFF}.Debug|x64.ActiveCfg = Debug|Any CPU
		{65CE01E2-381E-4406-9173-FEA5E8DABCFF}.Debug|x64.Build.0 = Debug|Any CPU
		{65CE01E2-381E-4406-9173-FEA5E8DABCFF}.Debug|x86.ActiveCfg = Debug|Any CPU
		{65CE01E2-381E-4406-9173-FEA5E8DABCFF}.Debug|x86.Build.0 = Debug|Any CPU
		{65CE01E2-381E-4406-9173-FEA5E8DABCFF}.Release|Any CPU.ActiveCfg = Release|Any CPU
		{65CE01E2-381E-4406-9173-FEA5E8DABCFF}.Release|Any CPU.Build.0 = Release|Any CPU
		{65CE01E2-381E-4406-9173-FEA5E8DABCFF}.Release|x64.ActiveCfg = Release|Any CPU
		{65CE01E2-381E-4406-9173-FEA5E8DABCFF}.Release|x64.Build.0 = Release|Any CPU
		{65CE01E2-381E-4406-9173-FEA5E8DABCFF}.Release|x86.ActiveCfg = Release|Any CPU
		{65CE01E2-381E-4406-9173-FEA5E8DABCFF}.Release|x86.Build.0 = Release|Any CPU
		{D350D7EB-4641-42D0-BD31-5ED3B842413D}.Debug|Any CPU.ActiveCfg = Debug|Any CPU
		{D350D7EB-4641-42D0-BD31-5ED3B842413D}.Debug|Any CPU.Build.0 = Debug|Any CPU
		{D350D7EB-4641-42D0-BD31-5ED3B842413D}.Debug|x64.ActiveCfg = Debug|Any CPU
		{D350D7EB-4641-42D0-BD31-5ED3B842413D}.Debug|x64.Build.0 = Debug|Any CPU
		{D350D7EB-4641-42D0-BD31-5ED3B842413D}.Debug|x86.ActiveCfg = Debug|Any CPU
		{D350D7EB-4641-42D0-BD31-5ED3B842413D}.Debug|x86.Build.0 = Debug|Any CPU
		{D350D7EB-4641-42D0-BD31-5ED3B842413D}.Release|Any CPU.ActiveCfg = Release|Any CPU
		{D350D7EB-4641-42D0-BD31-5ED3B842413D}.Release|Any CPU.Build.0 = Release|Any CPU
		{D350D7EB-4641-42D0-BD31-5ED3B842413D}.Release|x64.ActiveCfg = Release|Any CPU
		{D350D7EB-4641-42D0-BD31-5ED3B842413D}.Release|x64.Build.0 = Release|Any CPU
		{D350D7EB-4641-42D0-BD31-5ED3B842413D}.Release|x86.ActiveCfg = Release|Any CPU
		{D350D7EB-4641-42D0-BD31-5ED3B842413D}.Release|x86.Build.0 = Release|Any CPU
	EndGlobalSection
	GlobalSection(NestedProjects) = preSolution
		{C826FCEE-BE25-4D1F-9A9B-4C9D55DD82C9} = {F6B0A367-9AD0-4C25-BFD9-85CFD7296007}
		{E90DAF0D-EF76-4E26-BD99-A3DAF1EDC426} = {CAA5E338-D59C-4D8F-A7EA-C0547073F1F3}
		{834F7F07-B665-4A9F-8AE7-A939706C7F2C} = {CAA5E338-D59C-4D8F-A7EA-C0547073F1F3}
		{975B8533-1694-43D3-8229-27D0F268CAF7} = {CAA5E338-D59C-4D8F-A7EA-C0547073F1F3}
		{65CE01E2-381E-4406-9173-FEA5E8DABCFF} = {CAA5E338-D59C-4D8F-A7EA-C0547073F1F3}
		{D350D7EB-4641-42D0-BD31-5ED3B842413D} = {CAA5E338-D59C-4D8F-A7EA-C0547073F1F3}
	EndGlobalSection
EndGlobal
